
Microsoft Visual Studio Solution File, Format Version 12.00
# Visual Studio Version 16
VisualStudioVersion = 16.0.31424.327
MinimumVisualStudioVersion = 10.0.40219.1
Project("{FAE04EC0-301F-11D3-BF4B-00C04F79EFBC}") = "RandomImage", "RandomImage\RandomImage.csproj", "{7E5EA0DE-6165-4201-9EDB-4C23418DBF23}"
EndProject
Global
	GlobalSection(SolutionConfigurationPlatforms) = preSolution
		Debug|Any CPU = Debug|Any CPU
		Release|Any CPU = Release|Any CPU
	EndGlobalSection
	GlobalSection(ProjectConfigurationPlatforms) = postSolution
		{7E5EA0DE-6165-4201-9EDB-4C23418DBF23}.Debug|Any CPU.ActiveCfg = Debug|Any CPU
		{7E5EA0DE-6165-4201-9EDB-4C23418DBF23}.Debug|Any CPU.Build.0 = Debug|Any CPU
		{7E5EA0DE-6165-4201-9EDB-4C23418DBF23}.Release|Any CPU.ActiveCfg = Release|Any CPU
		{7E5EA0DE-6165-4201-9EDB-4C23418DBF23}.Release|Any CPU.Build.0 = Release|Any CPU
	EndGlobalSection
	GlobalSection(SolutionProperties) = preSolution
		HideSolutionNode = FALSE
	EndGlobalSection
	GlobalSection(ExtensibilityGlobals) = postSolution
		SolutionGuid = {89C4C2A4-546E-4C4D-9CF9-E09CFBC39D7B}
	EndGlobalSection
EndGlobal
